
Microsoft Visual Studio Solution File, Format Version 12.00
# Visual Studio Version 17
VisualStudioVersion = 17.4.33110.190
MinimumVisualStudioVersion = 10.0.40219.1
Project("{FAE04EC0-301F-11D3-BF4B-00C04F79EFBC}") = "DemoSQL", "DemoSQL\DemoSQL.csproj", "{39028617-CE00-446A-9273-36724A7E4235}"
EndProject
Global
	GlobalSection(SolutionConfigurationPlatforms) = preSolution
		Debug|Any CPU = Debug|Any CPU
		Release|Any CPU = Release|Any CPU
	EndGlobalSection
	GlobalSection(ProjectConfigurationPlatforms) = postSolution
		{39028617-CE00-446A-9273-36724A7E4235}.Debug|Any CPU.ActiveCfg = Debug|Any CPU
		{39028617-CE00-446A-9273-36724A7E4235}.Debug|Any CPU.Build.0 = Debug|Any CPU
		{39028617-CE00-446A-9273-36724A7E4235}.Release|Any CPU.ActiveCfg = Release|Any CPU
		{39028617-CE00-446A-9273-36724A7E4235}.Release|Any CPU.Build.0 = Release|Any CPU
	EndGlobalSection
	GlobalSection(SolutionProperties) = preSolution
		HideSolutionNode = FALSE
	EndGlobalSection
	GlobalSection(ExtensibilityGlobals) = postSolution
		SolutionGuid = {2BEBDD85-F0F9-410E-B8CF-01AC2D5D72BB}
	EndGlobalSection
EndGlobal
