
Microsoft Visual Studio Solution File, Format Version 12.00
# Visual Studio Version 17
VisualStudioVersion = 17.4.33110.190
MinimumVisualStudioVersion = 10.0.40219.1
Project("{FAE04EC0-301F-11D3-BF4B-00C04F79EFBC}") = "CS028", "CS028\CS028.csproj", "{157F5779-7D22-408F-B502-C6E72CF291C0}"
EndProject
Global
	GlobalSection(SolutionConfigurationPlatforms) = preSolution
		Debug|Any CPU = Debug|Any CPU
		Release|Any CPU = Release|Any CPU
	EndGlobalSection
	GlobalSection(ProjectConfigurationPlatforms) = postSolution
		{157F5779-7D22-408F-B502-C6E72CF291C0}.Debug|Any CPU.ActiveCfg = Debug|Any CPU
		{157F5779-7D22-408F-B502-C6E72CF291C0}.Debug|Any CPU.Build.0 = Debug|Any CPU
		{157F5779-7D22-408F-B502-C6E72CF291C0}.Release|Any CPU.ActiveCfg = Release|Any CPU
		{157F5779-7D22-408F-B502-C6E72CF291C0}.Release|Any CPU.Build.0 = Release|Any CPU
	EndGlobalSection
	GlobalSection(SolutionProperties) = preSolution
		HideSolutionNode = FALSE
	EndGlobalSection
	GlobalSection(ExtensibilityGlobals) = postSolution
		SolutionGuid = {202B7404-84E5-43A8-AD36-D60840280211}
	EndGlobalSection
EndGlobal
