
Microsoft Visual Studio Solution File, Format Version 12.00
# Visual Studio Version 17
VisualStudioVersion = 17.4.33110.190
MinimumVisualStudioVersion = 10.0.40219.1
Project("{FAE04EC0-301F-11D3-BF4B-00C04F79EFBC}") = "Slide_11", "Slide_11\Slide_11.csproj", "{C04BE8F5-BAC4-4EDB-9EB5-D09059559FBB}"
EndProject
Global
	GlobalSection(SolutionConfigurationPlatforms) = preSolution
		Debug|Any CPU = Debug|Any CPU
		Release|Any CPU = Release|Any CPU
	EndGlobalSection
	GlobalSection(ProjectConfigurationPlatforms) = postSolution
		{C04BE8F5-BAC4-4EDB-9EB5-D09059559FBB}.Debug|Any CPU.ActiveCfg = Debug|Any CPU
		{C04BE8F5-BAC4-4EDB-9EB5-D09059559FBB}.Debug|Any CPU.Build.0 = Debug|Any CPU
		{C04BE8F5-BAC4-4EDB-9EB5-D09059559FBB}.Release|Any CPU.ActiveCfg = Release|Any CPU
		{C04BE8F5-BAC4-4EDB-9EB5-D09059559FBB}.Release|Any CPU.Build.0 = Release|Any CPU
	EndGlobalSection
	GlobalSection(SolutionProperties) = preSolution
		HideSolutionNode = FALSE
	EndGlobalSection
	GlobalSection(ExtensibilityGlobals) = postSolution
		SolutionGuid = {852793E5-1340-4C6E-ADBD-E1CFCAA7D7F7}
	EndGlobalSection
EndGlobal
