
Microsoft Visual Studio Solution File, Format Version 12.00
# Visual Studio Version 17
VisualStudioVersion = 17.4.33110.190
MinimumVisualStudioVersion = 10.0.40219.1
Project("{9A19103F-16F7-4668-BE54-9A1E7A4F7556}") = "slide_7", "slide_7\slide_7.csproj", "{FF6F5AB3-D503-46A4-A2F1-A0095E745838}"
EndProject
Project("{FAE04EC0-301F-11D3-BF4B-00C04F79EFBC}") = "Slide_7_Ex", "Slide_7_Ex\Slide_7_Ex.csproj", "{77DEE003-607F-4267-AED9-5BF4013501B9}"
EndProject
Global
	GlobalSection(SolutionConfigurationPlatforms) = preSolution
		Debug|Any CPU = Debug|Any CPU
		Release|Any CPU = Release|Any CPU
	EndGlobalSection
	GlobalSection(ProjectConfigurationPlatforms) = postSolution
		{FF6F5AB3-D503-46A4-A2F1-A0095E745838}.Debug|Any CPU.ActiveCfg = Debug|Any CPU
		{FF6F5AB3-D503-46A4-A2F1-A0095E745838}.Debug|Any CPU.Build.0 = Debug|Any CPU
		{FF6F5AB3-D503-46A4-A2F1-A0095E745838}.Release|Any CPU.ActiveCfg = Release|Any CPU
		{FF6F5AB3-D503-46A4-A2F1-A0095E745838}.Release|Any CPU.Build.0 = Release|Any CPU
		{77DEE003-607F-4267-AED9-5BF4013501B9}.Debug|Any CPU.ActiveCfg = Debug|Any CPU
		{77DEE003-607F-4267-AED9-5BF4013501B9}.Debug|Any CPU.Build.0 = Debug|Any CPU
		{77DEE003-607F-4267-AED9-5BF4013501B9}.Release|Any CPU.ActiveCfg = Release|Any CPU
		{77DEE003-607F-4267-AED9-5BF4013501B9}.Release|Any CPU.Build.0 = Release|Any CPU
	EndGlobalSection
	GlobalSection(SolutionProperties) = preSolution
		HideSolutionNode = FALSE
	EndGlobalSection
	GlobalSection(ExtensibilityGlobals) = postSolution
		SolutionGuid = {5F38F634-0295-4342-8E32-B0E4C83F1E18}
	EndGlobalSection
EndGlobal
