
Microsoft Visual Studio Solution File, Format Version 12.00
# Visual Studio Version 17
VisualStudioVersion = 17.4.33110.190
MinimumVisualStudioVersion = 10.0.40219.1
Project("{FAE04EC0-301F-11D3-BF4B-00C04F79EFBC}") = "Slide_9", "Slide_9\Slide_9.csproj", "{BE9249FC-53FE-4325-B4CA-6EF59A7A5557}"
EndProject
Global
	GlobalSection(SolutionConfigurationPlatforms) = preSolution
		Debug|Any CPU = Debug|Any CPU
		Release|Any CPU = Release|Any CPU
	EndGlobalSection
	GlobalSection(ProjectConfigurationPlatforms) = postSolution
		{BE9249FC-53FE-4325-B4CA-6EF59A7A5557}.Debug|Any CPU.ActiveCfg = Debug|Any CPU
		{BE9249FC-53FE-4325-B4CA-6EF59A7A5557}.Debug|Any CPU.Build.0 = Debug|Any CPU
		{BE9249FC-53FE-4325-B4CA-6EF59A7A5557}.Release|Any CPU.ActiveCfg = Release|Any CPU
		{BE9249FC-53FE-4325-B4CA-6EF59A7A5557}.Release|Any CPU.Build.0 = Release|Any CPU
	EndGlobalSection
	GlobalSection(SolutionProperties) = preSolution
		HideSolutionNode = FALSE
	EndGlobalSection
	GlobalSection(ExtensibilityGlobals) = postSolution
		SolutionGuid = {E22F9974-DA75-4F4D-AA7B-66276CAB1755}
	EndGlobalSection
EndGlobal
