
Microsoft Visual Studio Solution File, Format Version 12.00
# Visual Studio Version 17
VisualStudioVersion = 17.4.33110.190
MinimumVisualStudioVersion = 10.0.40219.1
Project("{FAE04EC0-301F-11D3-BF4B-00C04F79EFBC}") = "Slide_13", "Slide_13\Slide_13.csproj", "{36748251-0F44-4FDA-98C2-B2A265B3F0AC}"
EndProject
Global
	GlobalSection(SolutionConfigurationPlatforms) = preSolution
		Debug|Any CPU = Debug|Any CPU
		Release|Any CPU = Release|Any CPU
	EndGlobalSection
	GlobalSection(ProjectConfigurationPlatforms) = postSolution
		{36748251-0F44-4FDA-98C2-B2A265B3F0AC}.Debug|Any CPU.ActiveCfg = Debug|Any CPU
		{36748251-0F44-4FDA-98C2-B2A265B3F0AC}.Debug|Any CPU.Build.0 = Debug|Any CPU
		{36748251-0F44-4FDA-98C2-B2A265B3F0AC}.Release|Any CPU.ActiveCfg = Release|Any CPU
		{36748251-0F44-4FDA-98C2-B2A265B3F0AC}.Release|Any CPU.Build.0 = Release|Any CPU
	EndGlobalSection
	GlobalSection(SolutionProperties) = preSolution
		HideSolutionNode = FALSE
	EndGlobalSection
	GlobalSection(ExtensibilityGlobals) = postSolution
		SolutionGuid = {AEDFD9F9-2929-48D2-BEE2-269E2BB1F23C}
	EndGlobalSection
EndGlobal
