
Microsoft Visual Studio Solution File, Format Version 12.00
# Visual Studio Version 17
VisualStudioVersion = 17.4.33110.190
MinimumVisualStudioVersion = 10.0.40219.1
Project("{9A19103F-16F7-4668-BE54-9A1E7A4F7556}") = "Slide_10", "Slide_10\Slide_10.csproj", "{E17DFA9E-EC5A-4AAF-BDDB-E3C4C05C3E50}"
EndProject
Project("{FAE04EC0-301F-11D3-BF4B-00C04F79EFBC}") = "Slide_10_Ex", "Slide_10_Ex\Slide_10_Ex.csproj", "{174C6F7B-EA4C-4B9C-8B41-087809C7688E}"
EndProject
Global
	GlobalSection(SolutionConfigurationPlatforms) = preSolution
		Debug|Any CPU = Debug|Any CPU
		Release|Any CPU = Release|Any CPU
	EndGlobalSection
	GlobalSection(ProjectConfigurationPlatforms) = postSolution
		{E17DFA9E-EC5A-4AAF-BDDB-E3C4C05C3E50}.Debug|Any CPU.ActiveCfg = Debug|Any CPU
		{E17DFA9E-EC5A-4AAF-BDDB-E3C4C05C3E50}.Debug|Any CPU.Build.0 = Debug|Any CPU
		{E17DFA9E-EC5A-4AAF-BDDB-E3C4C05C3E50}.Release|Any CPU.ActiveCfg = Release|Any CPU
		{E17DFA9E-EC5A-4AAF-BDDB-E3C4C05C3E50}.Release|Any CPU.Build.0 = Release|Any CPU
		{174C6F7B-EA4C-4B9C-8B41-087809C7688E}.Debug|Any CPU.ActiveCfg = Debug|Any CPU
		{174C6F7B-EA4C-4B9C-8B41-087809C7688E}.Debug|Any CPU.Build.0 = Debug|Any CPU
		{174C6F7B-EA4C-4B9C-8B41-087809C7688E}.Release|Any CPU.ActiveCfg = Release|Any CPU
		{174C6F7B-EA4C-4B9C-8B41-087809C7688E}.Release|Any CPU.Build.0 = Release|Any CPU
	EndGlobalSection
	GlobalSection(SolutionProperties) = preSolution
		HideSolutionNode = FALSE
	EndGlobalSection
	GlobalSection(ExtensibilityGlobals) = postSolution
		SolutionGuid = {3A6FF5A2-70A7-4CD5-81F2-44816CEAFD85}
	EndGlobalSection
EndGlobal
