
Microsoft Visual Studio Solution File, Format Version 12.00
# Visual Studio Version 17
VisualStudioVersion = 17.4.33110.190
MinimumVisualStudioVersion = 10.0.40219.1
Project("{FAE04EC0-301F-11D3-BF4B-00C04F79EFBC}") = "Slide_4", "Slide_4\Slide_4.csproj", "{1F2BED0B-54ED-421A-8237-DA90896DBE1C}"
EndProject
Global
	GlobalSection(SolutionConfigurationPlatforms) = preSolution
		Debug|Any CPU = Debug|Any CPU
		Release|Any CPU = Release|Any CPU
	EndGlobalSection
	GlobalSection(ProjectConfigurationPlatforms) = postSolution
		{1F2BED0B-54ED-421A-8237-DA90896DBE1C}.Debug|Any CPU.ActiveCfg = Debug|Any CPU
		{1F2BED0B-54ED-421A-8237-DA90896DBE1C}.Debug|Any CPU.Build.0 = Debug|Any CPU
		{1F2BED0B-54ED-421A-8237-DA90896DBE1C}.Release|Any CPU.ActiveCfg = Release|Any CPU
		{1F2BED0B-54ED-421A-8237-DA90896DBE1C}.Release|Any CPU.Build.0 = Release|Any CPU
	EndGlobalSection
	GlobalSection(SolutionProperties) = preSolution
		HideSolutionNode = FALSE
	EndGlobalSection
	GlobalSection(ExtensibilityGlobals) = postSolution
		SolutionGuid = {2A036F1F-6B2E-4AD1-8193-8631A966F8D8}
	EndGlobalSection
EndGlobal
