
Microsoft Visual Studio Solution File, Format Version 12.00
# Visual Studio Version 17
VisualStudioVersion = 17.4.33110.190
MinimumVisualStudioVersion = 10.0.40219.1
Project("{FAE04EC0-301F-11D3-BF4B-00C04F79EFBC}") = "CS040", "CS040\CS040.csproj", "{72063B51-D912-4A09-BBC5-CF496316A8D6}"
EndProject
Global
	GlobalSection(SolutionConfigurationPlatforms) = preSolution
		Debug|Any CPU = Debug|Any CPU
		Release|Any CPU = Release|Any CPU
	EndGlobalSection
	GlobalSection(ProjectConfigurationPlatforms) = postSolution
		{72063B51-D912-4A09-BBC5-CF496316A8D6}.Debug|Any CPU.ActiveCfg = Debug|Any CPU
		{72063B51-D912-4A09-BBC5-CF496316A8D6}.Debug|Any CPU.Build.0 = Debug|Any CPU
		{72063B51-D912-4A09-BBC5-CF496316A8D6}.Release|Any CPU.ActiveCfg = Release|Any CPU
		{72063B51-D912-4A09-BBC5-CF496316A8D6}.Release|Any CPU.Build.0 = Release|Any CPU
	EndGlobalSection
	GlobalSection(SolutionProperties) = preSolution
		HideSolutionNode = FALSE
	EndGlobalSection
	GlobalSection(ExtensibilityGlobals) = postSolution
		SolutionGuid = {D738D8A1-7E88-4490-BF4C-3E9190521B16}
	EndGlobalSection
EndGlobal
