
Microsoft Visual Studio Solution File, Format Version 12.00
# Visual Studio Version 17
VisualStudioVersion = 17.4.33110.190
MinimumVisualStudioVersion = 10.0.40219.1
Project("{FAE04EC0-301F-11D3-BF4B-00C04F79EFBC}") = "CS026_2", "CS026_2\CS026_2.csproj", "{35B8E4C6-E97E-4EA8-974B-9D0304FC4644}"
EndProject
Global
	GlobalSection(SolutionConfigurationPlatforms) = preSolution
		Debug|Any CPU = Debug|Any CPU
		Release|Any CPU = Release|Any CPU
	EndGlobalSection
	GlobalSection(ProjectConfigurationPlatforms) = postSolution
		{35B8E4C6-E97E-4EA8-974B-9D0304FC4644}.Debug|Any CPU.ActiveCfg = Debug|Any CPU
		{35B8E4C6-E97E-4EA8-974B-9D0304FC4644}.Debug|Any CPU.Build.0 = Debug|Any CPU
		{35B8E4C6-E97E-4EA8-974B-9D0304FC4644}.Release|Any CPU.ActiveCfg = Release|Any CPU
		{35B8E4C6-E97E-4EA8-974B-9D0304FC4644}.Release|Any CPU.Build.0 = Release|Any CPU
	EndGlobalSection
	GlobalSection(SolutionProperties) = preSolution
		HideSolutionNode = FALSE
	EndGlobalSection
	GlobalSection(ExtensibilityGlobals) = postSolution
		SolutionGuid = {2860D17A-4B71-46D9-BA71-0A598DFE0D63}
	EndGlobalSection
EndGlobal
